<?xml version="1.0" encoding="utf-8"?>
<Project ToolsVersion="4.0" xmlns="http://schemas.microsoft.com/developer/msbuild/2003">
  <ItemGroup>
    <Filter Include="Source Files">
      <UniqueIdentifier>{4FC737F1-C7A5-4376-A066-2A32D752A2FF}</UniqueIdentifier>
      <Extensions>cpp;c;cc;cxx;def;odl;idl;hpj;bat;asm;asmx</Extensions>
    </Filter>
    <Filter Include="Header Files">
      <UniqueIdentifier>{93995380-89BD-4b04-88EB-625FBE52EBFB}</UniqueIdentifier>
      <Extensions>h;hh;hpp;hxx;hm;inl;inc;xsd</Extensions>
    </Filter>
    <Filter Include="Resource Files">
      <UniqueIdentifier>{67DA6AB6-F800-4c08-8B7A-83BB121AAD01}</UniqueIdentifier>
      <Extensions>rc;ico;cur;bmp;dlg;rc2;rct;bin;rgs;gif;jpg;jpeg;jpe;resx;tiff;tif;png;wav;mfcribbon-ms</Extensions>
    </Filter>
    <Filter Include="Header Files\game">
      <UniqueIdentifier>{43be5422-becc-4cd8-a9e0-374ed7a80d89}</UniqueIdentifier>
    </Filter>
    <Filter Include="Source Files\game">
      <UniqueIdentifier>{af8df9bf-dbcb-4120-9da0-23cf21198789}</UniqueIdentifier>
    </Filter>
    <Filter Include="Source Files\android">
      <UniqueIdentifier>{b1eb6da5-12d8-414b-9cae-616b9b060ed8}</UniqueIdentifier>
    </Filter>
    <Filter Include="Source Files\windows">
      <UniqueIdentifier>{5707fbec-0a36-492b-9460-83f64c6b91d8}</UniqueIdentifier>
    </Filter>
    <Filter Include="Header Files\windows">
      <UniqueIdentifier>{8ad165eb-e99c-4a1e-b29f-e7fa8e548ee3}</UniqueIdentifier>
    </Filter>
    <Filter Include="Source Files\box2d">
      <UniqueIdentifier>{8bd57ab6-27ba-45f8-8bd9-73e7dafe0b8d}</UniqueIdentifier>
    </Filter>
    <Filter Include="Source Files\format">
      <UniqueIdentifier>{2a0b98f2-2dd0-4726-8f37-2733e144c705}</UniqueIdentifier>
    </Filter>
    <Filter Include="Source Files\libpng">
      <UniqueIdentifier>{4b84f6d9-dbd1-4c4b-b8e1-1422d4e32ec3}</UniqueIdentifier>
    </Filter>
    <Filter Include="Source Files\zlib">
      <UniqueIdentifier>{ed3acec5-47fb-4a46-b53f-205a93cfc4dd}</UniqueIdentifier>
    </Filter>
  </ItemGroup>
  <ItemGroup>
    <ClCompile Include="game\Clock.cpp">
      <Filter>Source Files\game</Filter>
    </ClCompile>
    <ClCompile Include="game\DynamicObject.cpp">
      <Filter>Source Files\game</Filter>
    </ClCompile>
    <ClCompile Include="game\Engine.cpp">
      <Filter>Source Files\game</Filter>
    </ClCompile>
    <ClCompile Include="game\EventUIEffect.cpp">
      <Filter>Source Files\game</Filter>
    </ClCompile>
    <ClCompile Include="game\Font.cpp">
      <Filter>Source Files\game</Filter>
    </ClCompile>
    <ClCompile Include="game\Game.cpp">
      <Filter>Source Files\game</Filter>
    </ClCompile>
    <ClCompile Include="game\GameMenu.cpp">
      <Filter>Source Files\game</Filter>
    </ClCompile>
    <ClCompile Include="game\GameUI.cpp">
      <Filter>Source Files\game</Filter>
    </ClCompile>
    <ClCompile Include="game\GenShadow.cpp">
      <Filter>Source Files\game</Filter>
    </ClCompile>
    <ClCompile Include="game\Loader.cpp">
      <Filter>Source Files\game</Filter>
    </ClCompile>
    <ClCompile Include="game\ParticleSys2.cpp">
      <Filter>Source Files\game</Filter>
    </ClCompile>
    <ClCompile Include="game\Player.cpp">
      <Filter>Source Files\game</Filter>
    </ClCompile>
    <ClCompile Include="game\PlayerObjects.cpp">
      <Filter>Source Files\game</Filter>
    </ClCompile>
    <ClCompile Include="game\PolyAnim.cpp">
      <Filter>Source Files\game</Filter>
    </ClCompile>
    <ClCompile Include="game\PolySprite.cpp">
      <Filter>Source Files\game</Filter>
    </ClCompile>
    <ClCompile Include="game\QuadMesh2.cpp">
      <Filter>Source Files\game</Filter>
    </ClCompile>
    <ClCompile Include="game\Screen.cpp">
      <Filter>Source Files\game</Filter>
    </ClCompile>
    <ClCompile Include="game\Shaders.cpp">
      <Filter>Source Files\game</Filter>
    </ClCompile>
    <ClCompile Include="game\StaticGeometry.cpp">
      <Filter>Source Files\game</Filter>
    </ClCompile>
    <ClCompile Include="game\Text.cpp">
      <Filter>Source Files\game</Filter>
    </ClCompile>
    <ClCompile Include="game\Texture2.cpp">
      <Filter>Source Files\game</Filter>
    </ClCompile>
    <ClCompile Include="game\Timer.cpp">
      <Filter>Source Files\game</Filter>
    </ClCompile>
    <ClCompile Include="game\UIBaseButton.cpp">
      <Filter>Source Files\game</Filter>
    </ClCompile>
    <ClCompile Include="game\UIBox.cpp">
      <Filter>Source Files\game</Filter>
    </ClCompile>
    <ClCompile Include="game\UIButton.cpp">
      <Filter>Source Files\game</Filter>
    </ClCompile>
    <ClCompile Include="game\UIDrawable.cpp">
      <Filter>Source Files\game</Filter>
    </ClCompile>
    <ClCompile Include="game\UIItem.cpp">
      <Filter>Source Files\game</Filter>
    </ClCompile>
    <ClCompile Include="game\UILayer.cpp">
      <Filter>Source Files\game</Filter>
    </ClCompile>
    <ClCompile Include="game\UIMenu.cpp">
      <Filter>Source Files\game</Filter>
    </ClCompile>
    <ClCompile Include="game\UIMessageBox.cpp">
      <Filter>Source Files\game</Filter>
    </ClCompile>
    <ClCompile Include="game\UISlider.cpp">
      <Filter>Source Files\game</Filter>
    </ClCompile>
    <ClCompile Include="game\UIStatic.cpp">
      <Filter>Source Files\game</Filter>
    </ClCompile>
    <ClCompile Include="game\UIText.cpp">
      <Filter>Source Files\game</Filter>
    </ClCompile>
    <ClCompile Include="game\UITextButton.cpp">
      <Filter>Source Files\game</Filter>
    </ClCompile>
    <ClCompile Include="game\UITransition.cpp">
      <Filter>Source Files\game</Filter>
    </ClCompile>
    <ClCompile Include="windows\BinaryFile.cpp">
      <Filter>Source Files\windows</Filter>
    </ClCompile>
    <ClCompile Include="windows\Debug.cpp">
      <Filter>Source Files\windows</Filter>
    </ClCompile>
    <ClCompile Include="windows\main.cpp">
      <Filter>Source Files\windows</Filter>
    </ClCompile>
    <ClCompile Include="Box2D\Collision\Shapes\b2ChainShape.cpp">
      <Filter>Source Files\box2d</Filter>
    </ClCompile>
    <ClCompile Include="Box2D\Collision\Shapes\b2CircleShape.cpp">
      <Filter>Source Files\box2d</Filter>
    </ClCompile>
    <ClCompile Include="Box2D\Collision\Shapes\b2EdgeShape.cpp">
      <Filter>Source Files\box2d</Filter>
    </ClCompile>
    <ClCompile Include="Box2D\Collision\Shapes\b2PolygonShape.cpp">
      <Filter>Source Files\box2d</Filter>
    </ClCompile>
    <ClCompile Include="Box2D\Collision\b2BroadPhase.cpp">
      <Filter>Source Files\box2d</Filter>
    </ClCompile>
    <ClCompile Include="Box2D\Collision\b2CollideCircle.cpp">
      <Filter>Source Files\box2d</Filter>
    </ClCompile>
    <ClCompile Include="Box2D\Collision\b2CollidePolygon.cpp">
      <Filter>Source Files\box2d</Filter>
    </ClCompile>
    <ClCompile Include="Box2D\Collision\b2Collision.cpp">
      <Filter>Source Files\box2d</Filter>
    </ClCompile>
    <ClCompile Include="Box2D\Collision\b2Distance.cpp">
      <Filter>Source Files\box2d</Filter>
    </ClCompile>
    <ClCompile Include="Box2D\Collision\b2DynamicTree.cpp">
      <Filter>Source Files\box2d</Filter>
    </ClCompile>
    <ClCompile Include="Box2D\Collision\b2TimeOfImpact.cpp">
      <Filter>Source Files\box2d</Filter>
    </ClCompile>
    <ClCompile Include="Box2D\Common\b2BlockAllocator.cpp">
      <Filter>Source Files\box2d</Filter>
    </ClCompile>
    <ClCompile Include="Box2D\Common\b2Draw.cpp">
      <Filter>Source Files\box2d</Filter>
    </ClCompile>
    <ClCompile Include="Box2D\Common\b2Math.cpp">
      <Filter>Source Files\box2d</Filter>
    </ClCompile>
    <ClCompile Include="Box2D\Common\b2Settings.cpp">
      <Filter>Source Files\box2d</Filter>
    </ClCompile>
    <ClCompile Include="Box2D\Common\b2StackAllocator.cpp">
      <Filter>Source Files\box2d</Filter>
    </ClCompile>
    <ClCompile Include="Box2D\Common\b2Timer.cpp">
      <Filter>Source Files\box2d</Filter>
    </ClCompile>
    <ClCompile Include="Box2D\Dynamics\Contacts\b2ChainAndCircleContact.cpp">
      <Filter>Source Files\box2d</Filter>
    </ClCompile>
    <ClCompile Include="Box2D\Dynamics\Contacts\b2ChainAndPolygonContact.cpp">
      <Filter>Source Files\box2d</Filter>
    </ClCompile>
    <ClCompile Include="Box2D\Dynamics\Contacts\b2CircleContact.cpp">
      <Filter>Source Files\box2d</Filter>
    </ClCompile>
    <ClCompile Include="Box2D\Dynamics\Contacts\b2Contact.cpp">
      <Filter>Source Files\box2d</Filter>
    </ClCompile>
    <ClCompile Include="Box2D\Dynamics\Contacts\b2ContactSolver.cpp">
      <Filter>Source Files\box2d</Filter>
    </ClCompile>
    <ClCompile Include="Box2D\Dynamics\Contacts\b2EdgeAndCircleContact.cpp">
      <Filter>Source Files\box2d</Filter>
    </ClCompile>
    <ClCompile Include="Box2D\Dynamics\Contacts\b2EdgeAndPolygonContact.cpp">
      <Filter>Source Files\box2d</Filter>
    </ClCompile>
    <ClCompile Include="Box2D\Dynamics\Contacts\b2PolygonAndCircleContact.cpp">
      <Filter>Source Files\box2d</Filter>
    </ClCompile>
    <ClCompile Include="Box2D\Dynamics\Contacts\b2PolygonContact.cpp">
      <Filter>Source Files\box2d</Filter>
    </ClCompile>
    <ClCompile Include="Box2D\Dynamics\Joints\b2DistanceJoint.cpp">
      <Filter>Source Files\box2d</Filter>
    </ClCompile>
    <ClCompile Include="Box2D\Dynamics\Joints\b2FrictionJoint.cpp">
      <Filter>Source Files\box2d</Filter>
    </ClCompile>
    <ClCompile Include="Box2D\Dynamics\Joints\b2GearJoint.cpp">
      <Filter>Source Files\box2d</Filter>
    </ClCompile>
    <ClCompile Include="Box2D\Dynamics\Joints\b2Joint.cpp">
      <Filter>Source Files\box2d</Filter>
    </ClCompile>
    <ClCompile Include="Box2D\Dynamics\Joints\b2MotorJoint.cpp">
      <Filter>Source Files\box2d</Filter>
    </ClCompile>
    <ClCompile Include="Box2D\Dynamics\Joints\b2MouseJoint.cpp">
      <Filter>Source Files\box2d</Filter>
    </ClCompile>
    <ClCompile Include="Box2D\Dynamics\Joints\b2PrismaticJoint.cpp">
      <Filter>Source Files\box2d</Filter>
    </ClCompile>
    <ClCompile Include="Box2D\Dynamics\Joints\b2PulleyJoint.cpp">
      <Filter>Source Files\box2d</Filter>
    </ClCompile>
    <ClCompile Include="Box2D\Dynamics\Joints\b2RevoluteJoint.cpp">
      <Filter>Source Files\box2d</Filter>
    </ClCompile>
    <ClCompile Include="Box2D\Dynamics\Joints\b2RopeJoint.cpp">
      <Filter>Source Files\box2d</Filter>
    </ClCompile>
    <ClCompile Include="Box2D\Dynamics\Joints\b2WeldJoint.cpp">
      <Filter>Source Files\box2d</Filter>
    </ClCompile>
    <ClCompile Include="Box2D\Dynamics\Joints\b2WheelJoint.cpp">
      <Filter>Source Files\box2d</Filter>
    </ClCompile>
    <ClCompile Include="Box2D\Dynamics\b2Body.cpp">
      <Filter>Source Files\box2d</Filter>
    </ClCompile>
    <ClCompile Include="Box2D\Dynamics\b2ContactManager.cpp">
      <Filter>Source Files\box2d</Filter>
    </ClCompile>
    <ClCompile Include="Box2D\Dynamics\b2Fixture.cpp">
      <Filter>Source Files\box2d</Filter>
    </ClCompile>
    <ClCompile Include="Box2D\Dynamics\b2Island.cpp">
      <Filter>Source Files\box2d</Filter>
    </ClCompile>
    <ClCompile Include="Box2D\Dynamics\b2World.cpp">
      <Filter>Source Files\box2d</Filter>
    </ClCompile>
    <ClCompile Include="Box2D\Dynamics\b2WorldCallbacks.cpp">
      <Filter>Source Files\box2d</Filter>
    </ClCompile>
    <ClCompile Include="Box2D\Rope\b2Rope.cpp">
      <Filter>Source Files\box2d</Filter>
    </ClCompile>
    <ClCompile Include="format\format.cc">
      <Filter>Source Files\format</Filter>
    </ClCompile>
    <ClCompile Include="libpng\png.c">
      <Filter>Source Files\libpng</Filter>
    </ClCompile>
    <ClCompile Include="libpng\pngerror.c">
      <Filter>Source Files\libpng</Filter>
    </ClCompile>
    <ClCompile Include="libpng\pngget.c">
      <Filter>Source Files\libpng</Filter>
    </ClCompile>
    <ClCompile Include="libpng\pngmem.c">
      <Filter>Source Files\libpng</Filter>
    </ClCompile>
    <ClCompile Include="libpng\pngpread.c">
      <Filter>Source Files\libpng</Filter>
    </ClCompile>
    <ClCompile Include="libpng\pngread.c">
      <Filter>Source Files\libpng</Filter>
    </ClCompile>
    <ClCompile Include="libpng\pngrio.c">
      <Filter>Source Files\libpng</Filter>
    </ClCompile>
    <ClCompile Include="libpng\pngrtran.c">
      <Filter>Source Files\libpng</Filter>
    </ClCompile>
    <ClCompile Include="libpng\pngrutil.c">
      <Filter>Source Files\libpng</Filter>
    </ClCompile>
    <ClCompile Include="libpng\pngset.c">
      <Filter>Source Files\libpng</Filter>
    </ClCompile>
    <ClCompile Include="libpng\pngtest.c">
      <Filter>Source Files\libpng</Filter>
    </ClCompile>
    <ClCompile Include="libpng\pngtrans.c">
      <Filter>Source Files\libpng</Filter>
    </ClCompile>
    <ClCompile Include="libpng\pngwio.c">
      <Filter>Source Files\libpng</Filter>
    </ClCompile>
    <ClCompile Include="libpng\pngwrite.c">
      <Filter>Source Files\libpng</Filter>
    </ClCompile>
    <ClCompile Include="libpng\pngwtran.c">
      <Filter>Source Files\libpng</Filter>
    </ClCompile>
    <ClCompile Include="libpng\pngwutil.c">
      <Filter>Source Files\libpng</Filter>
    </ClCompile>
    <ClCompile Include="zlib\adler32.c">
      <Filter>Source Files\zlib</Filter>
    </ClCompile>
    <ClCompile Include="zlib\compress.c">
      <Filter>Source Files\zlib</Filter>
    </ClCompile>
    <ClCompile Include="zlib\crc32.c">
      <Filter>Source Files\zlib</Filter>
    </ClCompile>
    <ClCompile Include="zlib\deflate.c">
      <Filter>Source Files\zlib</Filter>
    </ClCompile>
    <ClCompile Include="zlib\gzclose.c">
      <Filter>Source Files\zlib</Filter>
    </ClCompile>
    <ClCompile Include="zlib\gzlib.c">
      <Filter>Source Files\zlib</Filter>
    </ClCompile>
    <ClCompile Include="zlib\gzread.c">
      <Filter>Source Files\zlib</Filter>
    </ClCompile>
    <ClCompile Include="zlib\gzwrite.c">
      <Filter>Source Files\zlib</Filter>
    </ClCompile>
    <ClCompile Include="zlib\infback.c">
      <Filter>Source Files\zlib</Filter>
    </ClCompile>
    <ClCompile Include="zlib\inffast.c">
      <Filter>Source Files\zlib</Filter>
    </ClCompile>
    <ClCompile Include="zlib\inflate.c">
      <Filter>Source Files\zlib</Filter>
    </ClCompile>
    <ClCompile Include="zlib\inftrees.c">
      <Filter>Source Files\zlib</Filter>
    </ClCompile>
    <ClCompile Include="zlib\trees.c">
      <Filter>Source Files\zlib</Filter>
    </ClCompile>
    <ClCompile Include="zlib\uncompr.c">
      <Filter>Source Files\zlib</Filter>
    </ClCompile>
    <ClCompile Include="zlib\zutil.c">
      <Filter>Source Files\zlib</Filter>
    </ClCompile>
    <ClCompile Include="Box2D\Collision\b2CollideEdge.cpp">
      <Filter>Source Files\box2d</Filter>
    </ClCompile>
  </ItemGroup>
  <ItemGroup>
    <ClInclude Include="game\Clock.h">
      <Filter>Header Files\game</Filter>
    </ClInclude>
    <ClInclude Include="game\DynamicObject.h">
      <Filter>Header Files\game</Filter>
    </ClInclude>
    <ClInclude Include="game\Engine.h">
      <Filter>Header Files\game</Filter>
    </ClInclude>
    <ClInclude Include="game\EventUIEffect.h">
      <Filter>Header Files\game</Filter>
    </ClInclude>
    <ClInclude Include="game\Font.h">
      <Filter>Header Files\game</Filter>
    </ClInclude>
    <ClInclude Include="game\Game.h">
      <Filter>Header Files\game</Filter>
    </ClInclude>
    <ClInclude Include="game\GameMenu.h">
      <Filter>Header Files\game</Filter>
    </ClInclude>
    <ClInclude Include="game\GameParams.h">
      <Filter>Header Files\game</Filter>
    </ClInclude>
    <ClInclude Include="game\GameUI.h">
      <Filter>Header Files\game</Filter>
    </ClInclude>
    <ClInclude Include="game\GenShadow.h">
      <Filter>Header Files\game</Filter>
    </ClInclude>
    <ClInclude Include="game\Loader.h">
      <Filter>Header Files\game</Filter>
    </ClInclude>
    <ClInclude Include="game\ParticleSys2.h">
      <Filter>Header Files\game</Filter>
    </ClInclude>
    <ClInclude Include="game\Player.h">
      <Filter>Header Files\game</Filter>
    </ClInclude>
    <ClInclude Include="game\PlayerObjects.h">
      <Filter>Header Files\game</Filter>
    </ClInclude>
    <ClInclude Include="game\PolyAnim.h">
      <Filter>Header Files\game</Filter>
    </ClInclude>
    <ClInclude Include="game\PolySprite.h">
      <Filter>Header Files\game</Filter>
    </ClInclude>
    <ClInclude Include="game\QuadMesh2.h">
      <Filter>Header Files\game</Filter>
    </ClInclude>
    <ClInclude Include="game\Screen.h">
      <Filter>Header Files\game</Filter>
    </ClInclude>
    <ClInclude Include="game\Shaders.h">
      <Filter>Header Files\game</Filter>
    </ClInclude>
    <ClInclude Include="game\StaticGeometry.h">
      <Filter>Header Files\game</Filter>
    </ClInclude>
    <ClInclude Include="game\Text.h">
      <Filter>Header Files\game</Filter>
    </ClInclude>
    <ClInclude Include="game\Texture2.h">
      <Filter>Header Files\game</Filter>
    </ClInclude>
    <ClInclude Include="game\Timer.h">
      <Filter>Header Files\game</Filter>
    </ClInclude>
    <ClInclude Include="game\UI.h">
      <Filter>Header Files\game</Filter>
    </ClInclude>
    <ClInclude Include="game\UIBaseButton.h">
      <Filter>Header Files\game</Filter>
    </ClInclude>
    <ClInclude Include="game\UIBox.h">
      <Filter>Header Files\game</Filter>
    </ClInclude>
    <ClInclude Include="game\UIButton.h">
      <Filter>Header Files\game</Filter>
    </ClInclude>
    <ClInclude Include="game\UIDrawable.h">
      <Filter>Header Files\game</Filter>
    </ClInclude>
    <ClInclude Include="game\UIItem.h">
      <Filter>Header Files\game</Filter>
    </ClInclude>
    <ClInclude Include="game\UILayer.h">
      <Filter>Header Files\game</Filter>
    </ClInclude>
    <ClInclude Include="game\UIMenu.h">
      <Filter>Header Files\game</Filter>
    </ClInclude>
    <ClInclude Include="game\UIMessageBox.h">
      <Filter>Header Files\game</Filter>
    </ClInclude>
    <ClInclude Include="game\UISlider.h">
      <Filter>Header Files\game</Filter>
    </ClInclude>
    <ClInclude Include="game\UIStatic.h">
      <Filter>Header Files\game</Filter>
    </ClInclude>
    <ClInclude Include="game\UIText.h">
      <Filter>Header Files\game</Filter>
    </ClInclude>
    <ClInclude Include="game\UITextButton.h">
      <Filter>Header Files\game</Filter>
    </ClInclude>
    <ClInclude Include="game\UITransition.h">
      <Filter>Header Files\game</Filter>
    </ClInclude>
    <ClInclude Include="windows\BinaryFile.h">
      <Filter>Header Files\windows</Filter>
    </ClInclude>
    <ClInclude Include="windows\Debug.h">
      <Filter>Header Files\windows</Filter>
    </ClInclude>
    <ClInclude Include="windows\Platform.h">
      <Filter>Header Files\windows</Filter>
    </ClInclude>
  </ItemGroup>
  <ItemGroup>
    <None Include="..\Debug\level_fragshader.glsl" />
    <None Include="..\Debug\level_vertshader.glsl" />
  </ItemGroup>
</Project>